
Microsoft Visual Studio Solution File, Format Version 12.00
# Visual Studio Version 17
VisualStudioVersion = 17.14.36203.30 d17.14
MinimumVisualStudioVersion = 10.0.40219.1
Project("{888888A0-9F3D-457C-B088-3A5042F75D52}") = "Blocks", "Blocks.pyproj", "{2160C4AA-C8E3-4480-B18F-A07A45552356}"
EndProject
Global
	GlobalSection(SolutionConfigurationPlatforms) = preSolution
		Debug|Any CPU = Debug|Any CPU
		Release|Any CPU = Release|Any CPU
	EndGlobalSection
	GlobalSection(ProjectConfigurationPlatforms) = postSolution
		{2160C4AA-C8E3-4480-B18F-A07A45552356}.Debug|Any CPU.ActiveCfg = Debug|Any CPU
		{2160C4AA-C8E3-4480-B18F-A07A45552356}.Release|Any CPU.ActiveCfg = Release|Any CPU
	EndGlobalSection
	GlobalSection(SolutionProperties) = preSolution
		HideSolutionNode = FALSE
	EndGlobalSection
	GlobalSection(ExtensibilityGlobals) = postSolution
		SolutionGuid = {425482E7-5F6F-4492-87E5-9DD01D2897C2}
	EndGlobalSection
EndGlobal
