
Microsoft Visual Studio Solution File, Format Version 12.00
# Visual Studio Version 17
VisualStudioVersion = 17.14.36203.30 d17.14
MinimumVisualStudioVersion = 10.0.40219.1
Project("{888888A0-9F3D-457C-B088-3A5042F75D52}") = "My Scraper", "My Scraper.pyproj", "{8441359C-3260-423C-9A17-EE335EE58709}"
EndProject
Global
	GlobalSection(SolutionConfigurationPlatforms) = preSolution
		Debug|Any CPU = Debug|Any CPU
		Release|Any CPU = Release|Any CPU
	EndGlobalSection
	GlobalSection(ProjectConfigurationPlatforms) = postSolution
		{8441359C-3260-423C-9A17-EE335EE58709}.Debug|Any CPU.ActiveCfg = Debug|Any CPU
		{8441359C-3260-423C-9A17-EE335EE58709}.Release|Any CPU.ActiveCfg = Release|Any CPU
	EndGlobalSection
	GlobalSection(SolutionProperties) = preSolution
		HideSolutionNode = FALSE
	EndGlobalSection
	GlobalSection(ExtensibilityGlobals) = postSolution
		SolutionGuid = {22959DF8-B8D8-4ECB-B0CB-54BF82EB2959}
	EndGlobalSection
EndGlobal
